
Microsoft Visual Studio Solution File, Format Version 12.00
# Visual Studio Version 17
VisualStudioVersion = 17.7.34221.43
MinimumVisualStudioVersion = 10.0.40219.1
Project("{FAE04EC0-301F-11D3-BF4B-00C04F79EFBC}") = "LoginApp", "LoginApp.csproj", "{F572F633-12A4-4AFB-9800-E3069065F0FF}"
EndProject
Global
	GlobalSection(SolutionConfigurationPlatforms) = preSolution
		Debug|Any CPU = Debug|Any CPU
		Release|Any CPU = Release|Any CPU
	EndGlobalSection
	GlobalSection(ProjectConfigurationPlatforms) = postSolution
		{F572F633-12A4-4AFB-9800-E3069065F0FF}.Debug|Any CPU.ActiveCfg = Debug|Any CPU
		{F572F633-12A4-4AFB-9800-E3069065F0FF}.Debug|Any CPU.Build.0 = Debug|Any CPU
		{F572F633-12A4-4AFB-9800-E3069065F0FF}.Debug|Any CPU.Deploy.0 = Debug|Any CPU
		{F572F633-12A4-4AFB-9800-E3069065F0FF}.Release|Any CPU.ActiveCfg = Release|Any CPU
		{F572F633-12A4-4AFB-9800-E3069065F0FF}.Release|Any CPU.Build.0 = Release|Any CPU
		{F572F633-12A4-4AFB-9800-E3069065F0FF}.Release|Any CPU.Deploy.0 = Release|Any CPU
	EndGlobalSection
	GlobalSection(SolutionProperties) = preSolution
		HideSolutionNode = FALSE
	EndGlobalSection
	GlobalSection(ExtensibilityGlobals) = postSolution
		SolutionGuid = {CBD666EF-019E-48CC-83A6-523774DE01B7}
	EndGlobalSection
EndGlobal
